
Microsoft Visual Studio Solution File, Format Version 12.00
Project("{FAE04EC0-301F-11D3-BF4B-00C04F79EFBC}") = "Transpose", "Transpose\Transpose.csproj", "{104C3A74-59AC-4B67-8EF3-4C6810738F1F}"
EndProject
Global
	GlobalSection(SolutionConfigurationPlatforms) = preSolution
		Debug|Any CPU = Debug|Any CPU
		Release|Any CPU = Release|Any CPU
	EndGlobalSection
	GlobalSection(ProjectConfigurationPlatforms) = postSolution
		{104C3A74-59AC-4B67-8EF3-4C6810738F1F}.Debug|Any CPU.ActiveCfg = Debug|Any CPU
		{104C3A74-59AC-4B67-8EF3-4C6810738F1F}.Debug|Any CPU.Build.0 = Debug|Any CPU
		{104C3A74-59AC-4B67-8EF3-4C6810738F1F}.Release|Any CPU.ActiveCfg = Release|Any CPU
		{104C3A74-59AC-4B67-8EF3-4C6810738F1F}.Release|Any CPU.Build.0 = Release|Any CPU
	EndGlobalSection
EndGlobal
