
Microsoft Visual Studio Solution File, Format Version 12.00
Project("{FAE04EC0-301F-11D3-BF4B-00C04F79EFBC}") = "PrimeTest", "PrimeTest\PrimeTest.csproj", "{769D5775-354F-4587-8FCE-6E47AFB5853A}"
EndProject
Global
	GlobalSection(SolutionConfigurationPlatforms) = preSolution
		Debug|Any CPU = Debug|Any CPU
		Release|Any CPU = Release|Any CPU
	EndGlobalSection
	GlobalSection(ProjectConfigurationPlatforms) = postSolution
		{769D5775-354F-4587-8FCE-6E47AFB5853A}.Debug|Any CPU.ActiveCfg = Debug|Any CPU
		{769D5775-354F-4587-8FCE-6E47AFB5853A}.Debug|Any CPU.Build.0 = Debug|Any CPU
		{769D5775-354F-4587-8FCE-6E47AFB5853A}.Release|Any CPU.ActiveCfg = Release|Any CPU
		{769D5775-354F-4587-8FCE-6E47AFB5853A}.Release|Any CPU.Build.0 = Release|Any CPU
	EndGlobalSection
EndGlobal
